
Microsoft Visual Studio Solution File, Format Version 12.00
# Visual Studio Version 17
VisualStudioVersion = 17.11.35312.102
MinimumVisualStudioVersion = 10.0.40219.1
Project("{FAE04EC0-301F-11D3-BF4B-00C04F79EFBC}") = "HospitalAppointmentSystem", "HospitalAppointmentSystem\HospitalAppointmentSystem.csproj", "{2DFDAE29-CB61-4A61-B809-AA8EFD79311F}"
EndProject
Global
	GlobalSection(SolutionConfigurationPlatforms) = preSolution
		Debug|Any CPU = Debug|Any CPU
		Release|Any CPU = Release|Any CPU
	EndGlobalSection
	GlobalSection(ProjectConfigurationPlatforms) = postSolution
		{2DFDAE29-CB61-4A61-B809-AA8EFD79311F}.Debug|Any CPU.ActiveCfg = Debug|Any CPU
		{2DFDAE29-CB61-4A61-B809-AA8EFD79311F}.Debug|Any CPU.Build.0 = Debug|Any CPU
		{2DFDAE29-CB61-4A61-B809-AA8EFD79311F}.Release|Any CPU.ActiveCfg = Release|Any CPU
		{2DFDAE29-CB61-4A61-B809-AA8EFD79311F}.Release|Any CPU.Build.0 = Release|Any CPU
	EndGlobalSection
	GlobalSection(SolutionProperties) = preSolution
		HideSolutionNode = FALSE
	EndGlobalSection
	GlobalSection(ExtensibilityGlobals) = postSolution
		SolutionGuid = {A39DD8E9-AF45-4BBC-B14E-0FB4C5C22F57}
	EndGlobalSection
EndGlobal
